GEM
  remote: https://rubygems.org/
  specs:
    addressable (2.8.8)
      public_suffix (>= 2.0.2, < 8.0)
    base64 (0.3.0)
    bigdecimal (3.3.1)
    connection_pool (2.5.5)
    domain_name (0.6.20240107)
    gruff (0.29.0)
      bigdecimal (>= 3.0)
      histogram
      rmagick (>= 5.5)
    histogram (0.2.4.1)
    http-cookie (1.1.0)
      domain_name (~> 0.5)
    logger (1.7.0)
    mechanize (2.8.5)
      addressable (~> 2.8)
      domain_name (~> 0.5, >= 0.5.20190701)
      http-cookie (~> 1.0, >= 1.0.3)
      mime-types (~> 3.0)
      net-http-digest_auth (~> 1.4, >= 1.4.1)
      net-http-persistent (>= 2.5.2, < 5.0.dev)
      nokogiri (~> 1.11, >= 1.11.2)
      rubyntlm (~> 0.6, >= 0.6.3)
      webrick (~> 1.7)
      webrobots (~> 0.1.2)
    mime-types (3.7.0)
      logger
      mime-types-data (~> 3.2025, >= 3.2025.0507)
    mime-types-data (3.2025.0924)
    mini_portile2 (2.8.9)
    mutex_m (0.3.0)
    net-http-digest_auth (1.4.1)
    net-http-persistent (4.0.6)
      connection_pool (~> 2.2, >= 2.2.4)
    net-protocol (0.2.2)
      timeout
    net-smtp (0.5.1)
      net-protocol
    nkf (0.2.0)
    nokogiri (1.13.10)
      mini_portile2 (~> 2.8.0)
      racc (~> 1.4)
    observer (0.1.2)
    pkg-config (1.6.5)
    public_suffix (7.0.0)
    racc (1.8.1)
    redis (5.3.0)
      redis-client (>= 0.22.0)
    redis-client (0.26.1)
      connection_pool
    rmagick (6.1.4)
      observer (~> 0.1)
      pkg-config (~> 1.4)
    rubyntlm (0.6.5)
      base64
    timeout (0.4.4)
    webrick (1.9.2)
    webrobots (0.1.2)

PLATFORMS
  ruby
  x86_64-darwin-23

DEPENDENCIES
  gruff (~> 0.24)
  mechanize (= 2.8.5)
  mutex_m
  net-smtp (~> 0.5)
  nkf
  nokogiri (= 1.13.10)
  redis (= 5.3.0)

BUNDLED WITH
   2.7.2
