GEM
  remote: https://rubygems.org/
  specs:
    bigdecimal (4.1.1)
    connection_pool (3.0.2)
    mysql2 (0.5.7)
      bigdecimal
    redis (5.3.0)
      redis-client (>= 0.22.0)
    redis-client (0.28.0)
      connection_pool

PLATFORMS
  ruby
  x86_64-darwin-23

DEPENDENCIES
  mysql2 (~> 0.5)
  redis (= 5.3.0)

BUNDLED WITH
   2.7.2
